
Microsoft Visual Studio Solution File, Format Version 12.00
# Visual Studio Version 16
VisualStudioVersion = 16.0.29509.3
MinimumVisualStudioVersion = 10.0.40219.1
Project("{FAE04EC0-301F-11D3-BF4B-00C04F79EFBC}") = "Gomokucs", "Gomokucs\Gomokucs.csproj", "{7DD9ACD0-595F-4823-ADA0-6C736AB01697}"
EndProject
Global
	GlobalSection(SolutionConfigurationPlatforms) = preSolution
		Debug|Any CPU = Debug|Any CPU
		Release|Any CPU = Release|Any CPU
	EndGlobalSection
	GlobalSection(ProjectConfigurationPlatforms) = postSolution
		{7DD9ACD0-595F-4823-ADA0-6C736AB01697}.Debug|Any CPU.ActiveCfg = Debug|Any CPU
		{7DD9ACD0-595F-4823-ADA0-6C736AB01697}.Debug|Any CPU.Build.0 = Debug|Any CPU
		{7DD9ACD0-595F-4823-ADA0-6C736AB01697}.Release|Any CPU.ActiveCfg = Release|Any CPU
		{7DD9ACD0-595F-4823-ADA0-6C736AB01697}.Release|Any CPU.Build.0 = Release|Any CPU
	EndGlobalSection
	GlobalSection(SolutionProperties) = preSolution
		HideSolutionNode = FALSE
	EndGlobalSection
	GlobalSection(ExtensibilityGlobals) = postSolution
		SolutionGuid = {E987E3B8-796C-4F6E-8936-BD6ECD4A93A5}
	EndGlobalSection
EndGlobal
